version = 1
revision = 3
requires-python = ">=3.13"

[[package]]
name = "altgraph"
version = "0.17.5"
source = { registry = "https://pypi.org/simple" }
sdist = { url = "https://files.pythonhosted.org/packages/7e/f8/97fdf103f38fed6792a1601dbc16cc8aac56e7459a9fff08c812d8ae177a/altgraph-0.17.5.tar.gz", hash = "sha256:c87b395dd12fabde9c99573a9749d67da8d29ef9de0125c7f536699b4a9bc9e7", size = 48428, upload-time = "2025-11-21T20:35:50.583Z" }
wheels = [
    { url = "https://files.pythonhosted.org/packages/a9/ba/000a1996d4308bc65120167c21241a3b205464a2e0b58deda26ae8ac21d1/altgraph-0.17.5-py2.py3-none-any.whl", hash = "sha256:f3a22400bce1b0c701683820ac4f3b159cd301acab067c51c653e06961600597", size = 21228, upload-time = "2025-11-21T20:35:49.444Z" },
]

[[package]]
name = "audio-bars"
version = "0.1.0"
source = { virtual = "." }
dependencies = [
    { name = "colorama" },
    { name = "numpy" },
    { name = "py-now-playing" },
    { name = "pyaudiowpatch" },
    { name = "pyinstaller" },
    { name = "winnplib" },
    { name = "yt-dlp" },
]

[package.metadata]
requires-dist = [
    { name = "colorama", specifier = ">=0.4.6" },
    { name = "numpy", specifier = ">=2.4.1" },
    { name = "py-now-playing", specifier = ">=0.1.0" },
    { name = "pyaudiowpatch", specifier = ">=0.2.12.8" },
    { name = "pyinstaller", specifier = ">=6.18.0" },
    { name = "winnplib", specifier = ">=0.1.4" },
    { name = "yt-dlp", specifier = ">=2025.12.8" },
]

[[package]]
name = "colorama"
version = "0.4.6"
source = { registry = "https://pypi.org/simple" }
sdist = { url = "https://files.pythonhosted.org/packages/d8/53/6f443c9a4a8358a93a6792e2acffb9d9d5cb0a5cfd8802644b7b1c9a02e4/colorama-0.4.6.tar.gz", hash = "sha256:08695f5cb7ed6e0531a20572697297273c47b8cae5a63ffc6d6ed5c201be6e44", size = 27697, upload-time = "2022-10-25T02:36:22.414Z" }
wheels = [
    { url = "https://files.pythonhosted.org/packages/d1/d6/3965ed04c63042e047cb6a3e6ed1a63a35087b6a609aa3a15ed8ac56c221/colorama-0.4.6-py2.py3-none-any.whl", hash = "sha256:4f1d9991f5acc0ca119f9d443620b77f9d6b33703e51011c16baf57afb285fc6", size = 25335, upload-time = "2022-10-25T02:36:20.889Z" },
]

[[package]]
name = "macholib"
version = "1.16.4"
source = { registry = "https://pypi.org/simple" }
dependencies = [
    { name = "altgraph" },
]
sdist = { url = "https://files.pythonhosted.org/packages/10/2f/97589876ea967487978071c9042518d28b958d87b17dceb7cdc1d881f963/macholib-1.16.4.tar.gz", hash = "sha256:f408c93ab2e995cd2c46e34fe328b130404be143469e41bc366c807448979362", size = 59427, upload-time = "2025-11-22T08:28:38.373Z" }
wheels = [
    { url = "https://files.pythonhosted.org/packages/c7/d1/a9f36f8ecdf0fb7c9b1e78c8d7af12b8c8754e74851ac7b94a8305540fc7/macholib-1.16.4-py2.py3-none-any.whl", hash = "sha256:da1a3fa8266e30f0ce7e97c6a54eefaae8edd1e5f86f3eb8b95457cae90265ea", size = 38117, upload-time = "2025-11-22T08:28:36.939Z" },
]

[[package]]
name = "numpy"
version = "2.4.1"
source = { registry = "https://pypi.org/simple" }
sdist = { url = "https://files.pythonhosted.org/packages/24/62/ae72ff66c0f1fd959925b4c11f8c2dea61f47f6acaea75a08512cdfe3fed/numpy-2.4.1.tar.gz", hash = "sha256:a1ceafc5042451a858231588a104093474c6a5c57dcc724841f5c888d237d690", size = 20721320, upload-time = "2026-01-10T06:44:59.619Z" }
wheels = [
    { url = "https://files.pythonhosted.org/packages/04/68/732d4b7811c00775f3bd522a21e8dd5a23f77eb11acdeb663e4a4ebf0ef4/numpy-2.4.1-cp313-cp313-macosx_10_13_x86_64.whl", hash = "sha256:d797454e37570cfd61143b73b8debd623c3c0952959adb817dd310a483d58a1b", size = 16652495, upload-time = "2026-01-10T06:43:06.283Z" },
    { url = "https://files.pythonhosted.org/packages/20/ca/857722353421a27f1465652b2c66813eeeccea9d76d5f7b74b99f298e60e/numpy-2.4.1-cp313-cp313-macosx_11_0_arm64.whl", hash = "sha256:82c55962006156aeef1629b953fd359064aa47e4d82cfc8e67f0918f7da3344f", size = 12368657, upload-time = "2026-01-10T06:43:09.094Z" },
    { url = "https://files.pythonhosted.org/packages/81/0d/2377c917513449cc6240031a79d30eb9a163d32a91e79e0da47c43f2c0c8/numpy-2.4.1-cp313-cp313-macosx_14_0_arm64.whl", hash = "sha256:71abbea030f2cfc3092a0ff9f8c8fdefdc5e0bf7d9d9c99663538bb0ecdac0b9", size = 5197256, upload-time = "2026-01-10T06:43:13.634Z" },
    { url = "https://files.pythonhosted.org/packages/17/39/569452228de3f5de9064ac75137082c6214be1f5c532016549a7923ab4b5/numpy-2.4.1-cp313-cp313-macosx_14_0_x86_64.whl", hash = "sha256:5b55aa56165b17aaf15520beb9cbd33c9039810e0d9643dd4379e44294c7303e", size = 6545212, upload-time = "2026-01-10T06:43:15.661Z" },
    { url = "https://files.pythonhosted.org/packages/8c/a4/77333f4d1e4dac4395385482557aeecf4826e6ff517e32ca48e1dafbe42a/numpy-2.4.1-cp313-cp313-manylinux_2_27_aarch64.manylinux_2_28_aarch64.whl", hash = "sha256:c0faba4a331195bfa96f93dd9dfaa10b2c7aa8cda3a02b7fd635e588fe821bf5", size = 14402871, upload-time = "2026-01-10T06:43:17.324Z" },
    { url = "https://files.pythonhosted.org/packages/ba/87/d341e519956273b39d8d47969dd1eaa1af740615394fe67d06f1efa68773/numpy-2.4.1-cp313-cp313-manylinux_2_27_x86_64.manylinux_2_28_x86_64.whl", hash = "sha256:d3e3087f53e2b4428766b54932644d148613c5a595150533ae7f00dab2f319a8", size = 16359305, upload-time = "2026-01-10T06:43:19.376Z" },
    { url = "https://files.pythonhosted.org/packages/32/91/789132c6666288eaa20ae8066bb99eba1939362e8f1a534949a215246e97/numpy-2.4.1-cp313-cp313-musllinux_1_2_aarch64.whl", hash = "sha256:49e792ec351315e16da54b543db06ca8a86985ab682602d90c60ef4ff4db2a9c", size = 16181909, upload-time = "2026-01-10T06:43:21.808Z" },
    { url = "https://files.pythonhosted.org/packages/cf/b8/090b8bd27b82a844bb22ff8fdf7935cb1980b48d6e439ae116f53cdc2143/numpy-2.4.1-cp313-cp313-musllinux_1_2_x86_64.whl", hash = "sha256:79e9e06c4c2379db47f3f6fc7a8652e7498251789bf8ff5bd43bf478ef314ca2", size = 18284380, upload-time = "2026-01-10T06:43:23.957Z" },
    { url = "https://files.pythonhosted.org/packages/67/78/722b62bd31842ff029412271556a1a27a98f45359dea78b1548a3a9996aa/numpy-2.4.1-cp313-cp313-win32.whl", hash = "sha256:3d1a100e48cb266090a031397863ff8a30050ceefd798f686ff92c67a486753d", size = 5957089, upload-time = "2026-01-10T06:43:27.535Z" },
    { url = "https://files.pythonhosted.org/packages/da/a6/cf32198b0b6e18d4fbfa9a21a992a7fca535b9bb2b0cdd217d4a3445b5ca/numpy-2.4.1-cp313-cp313-win_amd64.whl", hash = "sha256:92a0e65272fd60bfa0d9278e0484c2f52fe03b97aedc02b357f33fe752c52ffb", size = 12307230, upload-time = "2026-01-10T06:43:29.298Z" },
    { url = "https://files.pythonhosted.org/packages/44/6c/534d692bfb7d0afe30611320c5fb713659dcb5104d7cc182aff2aea092f5/numpy-2.4.1-cp313-cp313-win_arm64.whl", hash = "sha256:20d4649c773f66cc2fc36f663e091f57c3b7655f936a4c681b4250855d1da8f5", size = 10313125, upload-time = "2026-01-10T06:43:31.782Z" },
    { url = "https://files.pythonhosted.org/packages/da/a1/354583ac5c4caa566de6ddfbc42744409b515039e085fab6e0ff942e0df5/numpy-2.4.1-cp313-cp313t-macosx_11_0_arm64.whl", hash = "sha256:f93bc6892fe7b0663e5ffa83b61aab510aacffd58c16e012bb9352d489d90cb7", size = 12496156, upload-time = "2026-01-10T06:43:34.237Z" },
    { url = "https://files.pythonhosted.org/packages/51/b0/42807c6e8cce58c00127b1dc24d365305189991f2a7917aa694a109c8d7d/numpy-2.4.1-cp313-cp313t-macosx_14_0_arm64.whl", hash = "sha256:178de8f87948163d98a4c9ab5bee4ce6519ca918926ec8df195af582de28544d", size = 5324663, upload-time = "2026-01-10T06:43:36.211Z" },
    { url = "https://files.pythonhosted.org/packages/fe/55/7a621694010d92375ed82f312b2f28017694ed784775269115323e37f5e2/numpy-2.4.1-cp313-cp313t-macosx_14_0_x86_64.whl", hash = "sha256:98b35775e03ab7f868908b524fc0a84d38932d8daf7b7e1c3c3a1b6c7a2c9f15", size = 6645224, upload-time = "2026-01-10T06:43:37.884Z" },
    { url = "https://files.pythonhosted.org/packages/50/96/9fa8635ed9d7c847d87e30c834f7109fac5e88549d79ef3324ab5c20919f/numpy-2.4.1-cp313-cp313t-manylinux_2_27_aarch64.manylinux_2_28_aarch64.whl", hash = "sha256:941c2a93313d030f219f3a71fd3d91a728b82979a5e8034eb2e60d394a2b83f9", size = 14462352, upload-time = "2026-01-10T06:43:39.479Z" },
    { url = "https://files.pythonhosted.org/packages/03/d1/8cf62d8bb2062da4fb82dd5d49e47c923f9c0738032f054e0a75342faba7/numpy-2.4.1-cp313-cp313t-manylinux_2_27_x86_64.manylinux_2_28_x86_64.whl", hash = "sha256:529050522e983e00a6c1c6b67411083630de8b57f65e853d7b03d9281b8694d2", size = 16407279, upload-time = "2026-01-10T06:43:41.93Z" },
    { url = "https://files.pythonhosted.org/packages/86/1c/95c86e17c6b0b31ce6ef219da00f71113b220bcb14938c8d9a05cee0ff53/numpy-2.4.1-cp313-cp313t-musllinux_1_2_aarch64.whl", hash = "sha256:2302dc0224c1cbc49bb94f7064f3f923a971bfae45c33870dcbff63a2a550505", size = 16248316, upload-time = "2026-01-10T06:43:44.121Z" },
    { url = "https://files.pythonhosted.org/packages/30/b4/e7f5ff8697274c9d0fa82398b6a372a27e5cef069b37df6355ccb1f1db1a/numpy-2.4.1-cp313-cp313t-musllinux_1_2_x86_64.whl", hash = "sha256:9171a42fcad32dcf3fa86f0a4faa5e9f8facefdb276f54b8b390d90447cff4e2", size = 18329884, upload-time = "2026-01-10T06:43:46.613Z" },
    { url = "https://files.pythonhosted.org/packages/37/a4/b073f3e9d77f9aec8debe8ca7f9f6a09e888ad1ba7488f0c3b36a94c03ac/numpy-2.4.1-cp313-cp313t-win32.whl", hash = "sha256:382ad67d99ef49024f11d1ce5dcb5ad8432446e4246a4b014418ba3a1175a1f4", size = 6081138, upload-time = "2026-01-10T06:43:48.854Z" },
    { url = "https://files.pythonhosted.org/packages/16/16/af42337b53844e67752a092481ab869c0523bc95c4e5c98e4dac4e9581ac/numpy-2.4.1-cp313-cp313t-win_amd64.whl", hash = "sha256:62fea415f83ad8fdb6c20840578e5fbaf5ddd65e0ec6c3c47eda0f69da172510", size = 12447478, upload-time = "2026-01-10T06:43:50.476Z" },
    { url = "https://files.pythonhosted.org/packages/6c/f8/fa85b2eac68ec631d0b631abc448552cb17d39afd17ec53dcbcc3537681a/numpy-2.4.1-cp313-cp313t-win_arm64.whl", hash = "sha256:a7870e8c5fc11aef57d6fea4b4085e537a3a60ad2cdd14322ed531fdca68d261", size = 10382981, upload-time = "2026-01-10T06:43:52.575Z" },
    { url = "https://files.pythonhosted.org/packages/1b/a7/ef08d25698e0e4b4efbad8d55251d20fe2a15f6d9aa7c9b30cd03c165e6f/numpy-2.4.1-cp314-cp314-macosx_10_15_x86_64.whl", hash = "sha256:3869ea1ee1a1edc16c29bbe3a2f2a4e515cc3a44d43903ad41e0cacdbaf733dc", size = 16652046, upload-time = "2026-01-10T06:43:54.797Z" },
    { url = "https://files.pythonhosted.org/packages/8f/39/e378b3e3ca13477e5ac70293ec027c438d1927f18637e396fe90b1addd72/numpy-2.4.1-cp314-cp314-macosx_11_0_arm64.whl", hash = "sha256:e867df947d427cdd7a60e3e271729090b0f0df80f5f10ab7dd436f40811699c3", size = 12378858, upload-time = "2026-01-10T06:43:57.099Z" },
    { url = "https://files.pythonhosted.org/packages/c3/74/7ec6154f0006910ed1fdbb7591cf4432307033102b8a22041599935f8969/numpy-2.4.1-cp314-cp314-macosx_14_0_arm64.whl", hash = "sha256:e3bd2cb07841166420d2fa7146c96ce00cb3410664cbc1a6be028e456c4ee220", size = 5207417, upload-time = "2026-01-10T06:43:59.037Z" },
    { url = "https://files.pythonhosted.org/packages/f7/b7/053ac11820d84e42f8feea5cb81cc4fcd1091499b45b1ed8c7415b1bf831/numpy-2.4.1-cp314-cp314-macosx_14_0_x86_64.whl", hash = "sha256:f0a90aba7d521e6954670550e561a4cb925713bd944445dbe9e729b71f6cabee", size = 6542643, upload-time = "2026-01-10T06:44:01.852Z" },
    { url = "https://files.pythonhosted.org/packages/c0/c4/2e7908915c0e32ca636b92e4e4a3bdec4cb1e7eb0f8aedf1ed3c68a0d8cd/numpy-2.4.1-cp314-cp314-manylinux_2_27_aarch64.manylinux_2_28_aarch64.whl", hash = "sha256:5d558123217a83b2d1ba316b986e9248a1ed1971ad495963d555ccd75dcb1556", size = 14418963, upload-time = "2026-01-10T06:44:04.047Z" },
    { url = "https://files.pythonhosted.org/packages/eb/c0/3ed5083d94e7ffd7c404e54619c088e11f2e1939a9544f5397f4adb1b8ba/numpy-2.4.1-cp314-cp314-manylinux_2_27_x86_64.manylinux_2_28_x86_64.whl", hash = "sha256:2f44de05659b67d20499cbc96d49f2650769afcb398b79b324bb6e297bfe3844", size = 16363811, upload-time = "2026-01-10T06:44:06.207Z" },
    { url = "https://files.pythonhosted.org/packages/0e/68/42b66f1852bf525050a67315a4fb94586ab7e9eaa541b1bef530fab0c5dd/numpy-2.4.1-cp314-cp314-musllinux_1_2_aarch64.whl", hash = "sha256:69e7419c9012c4aaf695109564e3387f1259f001b4326dfa55907b098af082d3", size = 16197643, upload-time = "2026-01-10T06:44:08.33Z" },
    { url = "https://files.pythonhosted.org/packages/d2/40/e8714fc933d85f82c6bfc7b998a0649ad9769a32f3494ba86598aaf18a48/numpy-2.4.1-cp314-cp314-musllinux_1_2_x86_64.whl", hash = "sha256:2ffd257026eb1b34352e749d7cc1678b5eeec3e329ad8c9965a797e08ccba205", size = 18289601, upload-time = "2026-01-10T06:44:10.841Z" },
    { url = "https://files.pythonhosted.org/packages/80/9a/0d44b468cad50315127e884802351723daca7cf1c98d102929468c81d439/numpy-2.4.1-cp314-cp314-win32.whl", hash = "sha256:727c6c3275ddefa0dc078524a85e064c057b4f4e71ca5ca29a19163c607be745", size = 6005722, upload-time = "2026-01-10T06:44:13.332Z" },
    { url = "https://files.pythonhosted.org/packages/7e/bb/c6513edcce5a831810e2dddc0d3452ce84d208af92405a0c2e58fd8e7881/numpy-2.4.1-cp314-cp314-win_amd64.whl", hash = "sha256:7d5d7999df434a038d75a748275cd6c0094b0ecdb0837342b332a82defc4dc4d", size = 12438590, upload-time = "2026-01-10T06:44:15.006Z" },
    { url = "https://files.pythonhosted.org/packages/e9/da/a598d5cb260780cf4d255102deba35c1d072dc028c4547832f45dd3323a8/numpy-2.4.1-cp314-cp314-win_arm64.whl", hash = "sha256:ce9ce141a505053b3c7bce3216071f3bf5c182b8b28930f14cd24d43932cd2df", size = 10596180, upload-time = "2026-01-10T06:44:17.386Z" },
    { url = "https://files.pythonhosted.org/packages/de/bc/ea3f2c96fcb382311827231f911723aeff596364eb6e1b6d1d91128aa29b/numpy-2.4.1-cp314-cp314t-macosx_11_0_arm64.whl", hash = "sha256:4e53170557d37ae404bf8d542ca5b7c629d6efa1117dac6a83e394142ea0a43f", size = 12498774, upload-time = "2026-01-10T06:44:19.467Z" },
    { url = "https://files.pythonhosted.org/packages/aa/ab/ef9d939fe4a812648c7a712610b2ca6140b0853c5efea361301006c02ae5/numpy-2.4.1-cp314-cp314t-macosx_14_0_arm64.whl", hash = "sha256:a73044b752f5d34d4232f25f18160a1cc418ea4507f5f11e299d8ac36875f8a0", size = 5327274, upload-time = "2026-01-10T06:44:23.189Z" },
    { url = "https://files.pythonhosted.org/packages/bd/31/d381368e2a95c3b08b8cf7faac6004849e960f4a042d920337f71cef0cae/numpy-2.4.1-cp314-cp314t-macosx_14_0_x86_64.whl", hash = "sha256:fb1461c99de4d040666ca0444057b06541e5642f800b71c56e6ea92d6a853a0c", size = 6648306, upload-time = "2026-01-10T06:44:25.012Z" },
    { url = "https://files.pythonhosted.org/packages/c8/e5/0989b44ade47430be6323d05c23207636d67d7362a1796ccbccac6773dd2/numpy-2.4.1-cp314-cp314t-manylinux_2_27_aarch64.manylinux_2_28_aarch64.whl", hash = "sha256:423797bdab2eeefbe608d7c1ec7b2b4fd3c58d51460f1ee26c7500a1d9c9ee93", size = 14464653, upload-time = "2026-01-10T06:44:26.706Z" },
    { url = "https://files.pythonhosted.org/packages/10/a7/cfbe475c35371cae1358e61f20c5f075badc18c4797ab4354140e1d283cf/numpy-2.4.1-cp314-cp314t-manylinux_2_27_x86_64.manylinux_2_28_x86_64.whl", hash = "sha256:52b5f61bdb323b566b528899cc7db2ba5d1015bda7ea811a8bcf3c89c331fa42", size = 16405144, upload-time = "2026-01-10T06:44:29.378Z" },
    { url = "https://files.pythonhosted.org/packages/f8/a3/0c63fe66b534888fa5177cc7cef061541064dbe2b4b60dcc60ffaf0d2157/numpy-2.4.1-cp314-cp314t-musllinux_1_2_aarch64.whl", hash = "sha256:42d7dd5fa36d16d52a84f821eb96031836fd405ee6955dd732f2023724d0aa01", size = 16247425, upload-time = "2026-01-10T06:44:31.721Z" },
    { url = "https://files.pythonhosted.org/packages/6b/2b/55d980cfa2c93bd40ff4c290bf824d792bd41d2fe3487b07707559071760/numpy-2.4.1-cp314-cp314t-musllinux_1_2_x86_64.whl", hash = "sha256:e7b6b5e28bbd47b7532698e5db2fe1db693d84b58c254e4389d99a27bb9b8f6b", size = 18330053, upload-time = "2026-01-10T06:44:34.617Z" },
    { url = "https://files.pythonhosted.org/packages/23/12/8b5fc6b9c487a09a7957188e0943c9ff08432c65e34567cabc1623b03a51/numpy-2.4.1-cp314-cp314t-win32.whl", hash = "sha256:5de60946f14ebe15e713a6f22850c2372fa72f4ff9a432ab44aa90edcadaa65a", size = 6152482, upload-time = "2026-01-10T06:44:36.798Z" },
    { url = "https://files.pythonhosted.org/packages/00/a5/9f8ca5856b8940492fc24fbe13c1bc34d65ddf4079097cf9e53164d094e1/numpy-2.4.1-cp314-cp314t-win_amd64.whl", hash = "sha256:8f085da926c0d491ffff3096f91078cc97ea67e7e6b65e490bc8dcda65663be2", size = 12627117, upload-time = "2026-01-10T06:44:38.828Z" },
    { url = "https://files.pythonhosted.org/packages/ad/0d/eca3d962f9eef265f01a8e0d20085c6dd1f443cbffc11b6dede81fd82356/numpy-2.4.1-cp314-cp314t-win_arm64.whl", hash = "sha256:6436cffb4f2bf26c974344439439c95e152c9a527013f26b3577be6c2ca64295", size = 10667121, upload-time = "2026-01-10T06:44:41.644Z" },
]

[[package]]
name = "packaging"
version = "26.0"
source = { registry = "https://pypi.org/simple" }
sdist = { url = "https://files.pythonhosted.org/packages/65/ee/299d360cdc32edc7d2cf530f3accf79c4fca01e96ffc950d8a52213bd8e4/packaging-26.0.tar.gz", hash = "sha256:00243ae351a257117b6a241061796684b084ed1c516a08c48a3f7e147a9d80b4", size = 143416, upload-time = "2026-01-21T20:50:39.064Z" }
wheels = [
    { url = "https://files.pythonhosted.org/packages/b7/b9/c538f279a4e237a006a2c98387d081e9eb060d203d8ed34467cc0f0b9b53/packaging-26.0-py3-none-any.whl", hash = "sha256:b36f1fef9334a5588b4166f8bcd26a14e521f2b55e6b9de3aaa80d3ff7a37529", size = 74366, upload-time = "2026-01-21T20:50:37.788Z" },
]

[[package]]
name = "pefile"
version = "2024.8.26"
source = { registry = "https://pypi.org/simple" }
sdist = { url = "https://files.pythonhosted.org/packages/03/4f/2750f7f6f025a1507cd3b7218691671eecfd0bbebebe8b39aa0fe1d360b8/pefile-2024.8.26.tar.gz", hash = "sha256:3ff6c5d8b43e8c37bb6e6dd5085658d658a7a0bdcd20b6a07b1fcfc1c4e9d632", size = 76008, upload-time = "2024-08-26T20:58:38.155Z" }
wheels = [
    { url = "https://files.pythonhosted.org/packages/54/16/12b82f791c7f50ddec566873d5bdd245baa1491bac11d15ffb98aecc8f8b/pefile-2024.8.26-py3-none-any.whl", hash = "sha256:76f8b485dcd3b1bb8166f1128d395fa3d87af26360c2358fb75b80019b957c6f", size = 74766, upload-time = "2024-08-26T21:01:02.632Z" },
]

[[package]]
name = "pillow"
version = "10.4.0"
source = { registry = "https://pypi.org/simple" }
sdist = { url = "https://files.pythonhosted.org/packages/cd/74/ad3d526f3bf7b6d3f408b73fde271ec69dfac8b81341a318ce825f2b3812/pillow-10.4.0.tar.gz", hash = "sha256:166c1cd4d24309b30d61f79f4a9114b7b2313d7450912277855ff5dfd7cd4a06", size = 46555059, upload-time = "2024-07-01T09:48:43.583Z" }
wheels = [
    { url = "https://files.pythonhosted.org/packages/c3/00/706cebe7c2c12a6318aabe5d354836f54adff7156fd9e1bd6c89f4ba0e98/pillow-10.4.0-cp313-cp313-macosx_10_13_x86_64.whl", hash = "sha256:8bc1a764ed8c957a2e9cacf97c8b2b053b70307cf2996aafd70e91a082e70df3", size = 3525685, upload-time = "2024-07-01T09:46:45.194Z" },
    { url = "https://files.pythonhosted.org/packages/cf/76/f658cbfa49405e5ecbfb9ba42d07074ad9792031267e782d409fd8fe7c69/pillow-10.4.0-cp313-cp313-macosx_11_0_arm64.whl", hash = "sha256:6209bb41dc692ddfee4942517c19ee81b86c864b626dbfca272ec0f7cff5d9fb", size = 3374883, upload-time = "2024-07-01T09:46:47.331Z" },
    { url = "https://files.pythonhosted.org/packages/46/2b/99c28c4379a85e65378211971c0b430d9c7234b1ec4d59b2668f6299e011/pillow-10.4.0-cp313-cp313-manylinux_2_17_aarch64.manylinux2014_aarch64.whl", hash = "sha256:bee197b30783295d2eb680b311af15a20a8b24024a19c3a26431ff83eb8d1f70", size = 4339837, upload-time = "2024-07-01T09:46:49.647Z" },
    { url = "https://files.pythonhosted.org/packages/f1/74/b1ec314f624c0c43711fdf0d8076f82d9d802afd58f1d62c2a86878e8615/pillow-10.4.0-cp313-cp313-manylinux_2_17_x86_64.manylinux2014_x86_64.whl", hash = "sha256:1ef61f5dd14c300786318482456481463b9d6b91ebe5ef12f405afbba77ed0be", size = 4455562, upload-time = "2024-07-01T09:46:51.811Z" },
    { url = "https://files.pythonhosted.org/packages/4a/2a/4b04157cb7b9c74372fa867096a1607e6fedad93a44deeff553ccd307868/pillow-10.4.0-cp313-cp313-manylinux_2_28_aarch64.whl", hash = "sha256:297e388da6e248c98bc4a02e018966af0c5f92dfacf5a5ca22fa01cb3179bca0", size = 4366761, upload-time = "2024-07-01T09:46:53.961Z" },
    { url = "https://files.pythonhosted.org/packages/ac/7b/8f1d815c1a6a268fe90481232c98dd0e5fa8c75e341a75f060037bd5ceae/pillow-10.4.0-cp313-cp313-manylinux_2_28_x86_64.whl", hash = "sha256:e4db64794ccdf6cb83a59d73405f63adbe2a1887012e308828596100a0b2f6cc", size = 4536767, upload-time = "2024-07-01T09:46:56.664Z" },
    { url = "https://files.pythonhosted.org/packages/e5/77/05fa64d1f45d12c22c314e7b97398ffb28ef2813a485465017b7978b3ce7/pillow-10.4.0-cp313-cp313-musllinux_1_2_aarch64.whl", hash = "sha256:bd2880a07482090a3bcb01f4265f1936a903d70bc740bfcb1fd4e8a2ffe5cf5a", size = 4477989, upload-time = "2024-07-01T09:46:58.977Z" },
    { url = "https://files.pythonhosted.org/packages/12/63/b0397cfc2caae05c3fb2f4ed1b4fc4fc878f0243510a7a6034ca59726494/pillow-10.4.0-cp313-cp313-musllinux_1_2_x86_64.whl", hash = "sha256:4b35b21b819ac1dbd1233317adeecd63495f6babf21b7b2512d244ff6c6ce309", size = 4610255, upload-time = "2024-07-01T09:47:01.189Z" },
    { url = "https://files.pythonhosted.org/packages/7b/f9/cfaa5082ca9bc4a6de66ffe1c12c2d90bf09c309a5f52b27759a596900e7/pillow-10.4.0-cp313-cp313-win32.whl", hash = "sha256:551d3fd6e9dc15e4c1eb6fc4ba2b39c0c7933fa113b220057a34f4bb3268a060", size = 2235603, upload-time = "2024-07-01T09:47:03.918Z" },
    { url = "https://files.pythonhosted.org/packages/01/6a/30ff0eef6e0c0e71e55ded56a38d4859bf9d3634a94a88743897b5f96936/pillow-10.4.0-cp313-cp313-win_amd64.whl", hash = "sha256:030abdbe43ee02e0de642aee345efa443740aa4d828bfe8e2eb11922ea6a21ea", size = 2554972, upload-time = "2024-07-01T09:47:06.152Z" },
    { url = "https://files.pythonhosted.org/packages/48/2c/2e0a52890f269435eee38b21c8218e102c621fe8d8df8b9dd06fabf879ba/pillow-10.4.0-cp313-cp313-win_arm64.whl", hash = "sha256:5b001114dd152cfd6b23befeb28d7aee43553e2402c9f159807bf55f33af8a8d", size = 2243375, upload-time = "2024-07-01T09:47:09.065Z" },
]

[[package]]
name = "py-now-playing"
version = "0.1.0"
source = { registry = "https://pypi.org/simple" }
dependencies = [
    { name = "pillow" },
    { name = "winsdk" },
]
sdist = { url = "https://files.pythonhosted.org/packages/b8/1b/e5bdd2437865e1605b8ed35d2ebf44a5360cc3c76ddd04ef1e918daf726c/py_now_playing-0.1.0.tar.gz", hash = "sha256:d754aef8652d5477a92ac7871c9795d0c7e92ba91e82e8857ee81dc24c7bfcd8", size = 14961, upload-time = "2023-12-23T22:04:47.245Z" }
wheels = [
    { url = "https://files.pythonhosted.org/packages/61/13/95f6076d0eb69b7d0631d3d5957f2425e7a00e465d75335fd37997336d73/py_now_playing-0.1.0-py3-none-any.whl", hash = "sha256:5c07541b36de7e115bdaad26d2f2849b39a8fd6a14849c903e0af3c78a6dd91e", size = 15521, upload-time = "2023-12-23T22:04:46.114Z" },
]

[[package]]
name = "pyaudiowpatch"
version = "0.2.12.8"
source = { registry = "https://pypi.org/simple" }
wheels = [
    { url = "https://files.pythonhosted.org/packages/4b/b9/62c83aea777521b0748f3ec6b4d0f8650af88d2a7fee03b98a6257f8ec32/pyaudiowpatch-0.2.12.8-cp313-cp313-win32.whl", hash = "sha256:d941c272ced5b1c6f1d054d47046ef50efcee954151c293c0102b410f549c3ab", size = 96801, upload-time = "2026-01-14T18:19:32.239Z" },
    { url = "https://files.pythonhosted.org/packages/65/0f/aa9e6c6d331d2a027330e1275697ece6ace23c2209df8cd0f8c0e397ba1c/pyaudiowpatch-0.2.12.8-cp313-cp313-win_amd64.whl", hash = "sha256:3339e6430836a021e1a83ddb915a42eec0a8f198693855a8f32a57b4b97e0202", size = 99307, upload-time = "2026-01-14T18:19:33.706Z" },
    { url = "https://files.pythonhosted.org/packages/8e/cf/a2544222ca61b89b27beed06efc7d9f865216fd31d0da677921ef9fb3b9d/pyaudiowpatch-0.2.12.8-cp314-cp314-win32.whl", hash = "sha256:448b83316295ab4786b1844ea296d4848c75b93ada4df6f2150715520cf985a5", size = 98755, upload-time = "2026-01-14T18:19:34.923Z" },
    { url = "https://files.pythonhosted.org/packages/12/61/1c9e515e45dfd86d25a1447ac7241436c8000c3ab142011c23fb1d3202ed/pyaudiowpatch-0.2.12.8-cp314-cp314-win_amd64.whl", hash = "sha256:df6e26032439d87cbbeb8f433e635652a36d54cdd14aa058188e21ba5c9a7df9", size = 100997, upload-time = "2026-01-14T18:19:36.188Z" },
]

[[package]]
name = "pyinstaller"
version = "6.18.0"
source = { registry = "https://pypi.org/simple" }
dependencies = [
    { name = "altgraph" },
    { name = "macholib", marker = "sys_platform == 'darwin'" },
    { name = "packaging" },
    { name = "pefile", marker = "sys_platform == 'win32'" },
    { name = "pyinstaller-hooks-contrib" },
    { name = "pywin32-ctypes", marker = "sys_platform == 'win32'" },
    { name = "setuptools" },
]
sdist = { url = "https://files.pythonhosted.org/packages/9f/b8/0fe3359920b0a4e7008e0e93ff383003763e3eee3eb31a07c52868722960/pyinstaller-6.18.0.tar.gz", hash = "sha256:cdc507542783511cad4856fce582fdc37e9f29665ca596889c663c83ec8c6ec9", size = 4034976, upload-time = "2026-01-13T03:13:23.886Z" }
wheels = [
    { url = "https://files.pythonhosted.org/packages/73/e6/51b0146a1a3eec619e58f5d69fb4e3d0f65a31cbddbeef557c9bb83eeed9/pyinstaller-6.18.0-py3-none-macosx_10_13_universal2.whl", hash = "sha256:cb7aa5a71bfa7c0af17a4a4e21855663c89e4bd7c40f1d337c8370636d8847c3", size = 1040056, upload-time = "2026-01-13T03:12:15.397Z" },
    { url = "https://files.pythonhosted.org/packages/4c/9c/a3634c0ec8e1ed31b373b548848b5c0b39b56edc191cf737e697d484ec23/pyinstaller-6.18.0-py3-none-manylinux2014_aarch64.whl", hash = "sha256:07785459b3bf8a48889eac0b4d0667ade84aef8930ce030bc7cbb32f41283b33", size = 734971, upload-time = "2026-01-13T03:12:20.912Z" },
    { url = "https://files.pythonhosted.org/packages/2c/04/6756442078ccfcd552ccce636be1574035e62f827ffa1f5d8a0382682546/pyinstaller-6.18.0-py3-none-manylinux2014_i686.whl", hash = "sha256:f998675b7ccb2dabbb1dc2d6f18af61d55428ad6d38e6c4d700417411b697d37", size = 746637, upload-time = "2026-01-13T03:12:29.302Z" },
    { url = "https://files.pythonhosted.org/packages/54/39/fbc56519000cdbf450f472692a7b9b55d42077ce8529f1be631db7b75a36/pyinstaller-6.18.0-py3-none-manylinux2014_ppc64le.whl", hash = "sha256:779817a0cf69604cddcdb5be1fd4959dc2ce048d6355c73e5da97884df2f3387", size = 744343, upload-time = "2026-01-13T03:12:33.369Z" },
    { url = "https://files.pythonhosted.org/packages/36/f2/50887badf282fee776e83d1e4feab74c026f50a1ea16e109ed939e32aa28/pyinstaller-6.18.0-py3-none-manylinux2014_s390x.whl", hash = "sha256:31b5d109f8405be0b7cddcede43e7b074792bc9a5bbd54ec000a3e779183c2af", size = 741084, upload-time = "2026-01-13T03:12:37.528Z" },
    { url = "https://files.pythonhosted.org/packages/1c/08/3a1419183e4713ef77d912ecbdd6ef858689ed9deb34d547133f724ca745/pyinstaller-6.18.0-py3-none-manylinux2014_x86_64.whl", hash = "sha256:4328c9837f1aef4fe1a127d4ff1b09a12ce53c827ce87c94117628b0e1fd098b", size = 740943, upload-time = "2026-01-13T03:12:41.589Z" },
    { url = "https://files.pythonhosted.org/packages/c2/47/309305e36d116f1434b42d91c420ff951fa79b2c398bbd59930c830450be/pyinstaller-6.18.0-py3-none-musllinux_1_1_aarch64.whl", hash = "sha256:3638fc81eb948e5e5eab1d4ad8f216e3fec6d4a350648304f0adb227b746ee5e", size = 740107, upload-time = "2026-01-13T03:12:45.694Z" },
    { url = "https://files.pythonhosted.org/packages/83/0f/a59a95cd1df59ddbc9e74d5a663387551333bcf19a5dd3086f5c81a2e83c/pyinstaller-6.18.0-py3-none-musllinux_1_1_x86_64.whl", hash = "sha256:8fbe59da34269e637f97fd3c43024f764586fc319141d245ff1a2e9af1036aa3", size = 739843, upload-time = "2026-01-13T03:12:49.728Z" },
    { url = "https://files.pythonhosted.org/packages/9a/09/e7a870e7205cdbd2f8785010a5d3fe48a9df2591156ee34a8b29b774fa14/pyinstaller-6.18.0-py3-none-win32.whl", hash = "sha256:496205e4fa92ec944f9696eb597962a83aef4d4c3479abfab83d730e1edf016b", size = 1323811, upload-time = "2026-01-13T03:12:55.717Z" },
    { url = "https://files.pythonhosted.org/packages/fb/d5/48eef2002b6d3937ceac2717fe17e9ca3a43a4c9826bafee367dfc75ba85/pyinstaller-6.18.0-py3-none-win_amd64.whl", hash = "sha256:976fabd90ecfbda47571c87055ad73413ec615ff7dea35e12a4304174de78de9", size = 1384389, upload-time = "2026-01-13T03:13:01.993Z" },
    { url = "https://files.pythonhosted.org/packages/1b/8d/1a88e6e94107de3ea1c842fd59c3aa132d344ad8e52ea458ffa9a748726e/pyinstaller-6.18.0-py3-none-win_arm64.whl", hash = "sha256:dba4b70e3c9ba09aab51152c72a08e58a751851548f77ad35944d32a300c8381", size = 1324869, upload-time = "2026-01-13T03:13:08.192Z" },
]

[[package]]
name = "pyinstaller-hooks-contrib"
version = "2026.0"
source = { registry = "https://pypi.org/simple" }
dependencies = [
    { name = "packaging" },
    { name = "setuptools" },
]
sdist = { url = "https://files.pythonhosted.org/packages/31/8f/8052ff65067697ee80fde45b9731842e160751c41ac5690ba232c22030e8/pyinstaller_hooks_contrib-2026.0.tar.gz", hash = "sha256:0120893de491a000845470ca9c0b39284731ac6bace26f6849dea9627aaed48e", size = 170311, upload-time = "2026-01-20T00:15:23.922Z" }
wheels = [
    { url = "https://files.pythonhosted.org/packages/d5/b1/9da6ec3e88696018ee7bb9dc4a7310c2cfaebf32923a19598cd342767c10/pyinstaller_hooks_contrib-2026.0-py3-none-any.whl", hash = "sha256:0590db8edeba3e6c30c8474937021f5cd39c0602b4d10f74a064c73911efaca5", size = 452318, upload-time = "2026-01-20T00:15:21.88Z" },
]

[[package]]
name = "pywin32-ctypes"
version = "0.2.3"
source = { registry = "https://pypi.org/simple" }
sdist = { url = "https://files.pythonhosted.org/packages/85/9f/01a1a99704853cb63f253eea009390c88e7131c67e66a0a02099a8c917cb/pywin32-ctypes-0.2.3.tar.gz", hash = "sha256:d162dc04946d704503b2edc4d55f3dba5c1d539ead017afa00142c38b9885755", size = 29471, upload-time = "2024-08-14T10:15:34.626Z" }
wheels = [
    { url = "https://files.pythonhosted.org/packages/de/3d/8161f7711c017e01ac9f008dfddd9410dff3674334c233bde66e7ba65bbf/pywin32_ctypes-0.2.3-py3-none-any.whl", hash = "sha256:8a1513379d709975552d202d942d9837758905c8d01eb82b8bcc30918929e7b8", size = 30756, upload-time = "2024-08-14T10:15:33.187Z" },
]

[[package]]
name = "setuptools"
version = "80.10.2"
source = { registry = "https://pypi.org/simple" }
sdist = { url = "https://files.pythonhosted.org/packages/76/95/faf61eb8363f26aa7e1d762267a8d602a1b26d4f3a1e758e92cb3cb8b054/setuptools-80.10.2.tar.gz", hash = "sha256:8b0e9d10c784bf7d262c4e5ec5d4ec94127ce206e8738f29a437945fbc219b70", size = 1200343, upload-time = "2026-01-25T22:38:17.252Z" }
wheels = [
    { url = "https://files.pythonhosted.org/packages/94/b8/f1f62a5e3c0ad2ff1d189590bfa4c46b4f3b6e49cef6f26c6ee4e575394d/setuptools-80.10.2-py3-none-any.whl", hash = "sha256:95b30ddfb717250edb492926c92b5221f7ef3fbcc2b07579bcd4a27da21d0173", size = 1064234, upload-time = "2026-01-25T22:38:15.216Z" },
]

[[package]]
name = "typing-extensions"
version = "4.15.0"
source = { registry = "https://pypi.org/simple" }
sdist = { url = "https://files.pythonhosted.org/packages/72/94/1a15dd82efb362ac84269196e94cf00f187f7ed21c242792a923cdb1c61f/typing_extensions-4.15.0.tar.gz", hash = "sha256:0cea48d173cc12fa28ecabc3b837ea3cf6f38c6d1136f85cbaaf598984861466", size = 109391, upload-time = "2025-08-25T13:49:26.313Z" }
wheels = [
    { url = "https://files.pythonhosted.org/packages/18/67/36e9267722cc04a6b9f15c7f3441c2363321a3ea07da7ae0c0707beb2a9c/typing_extensions-4.15.0-py3-none-any.whl", hash = "sha256:f0fa19c6845758ab08074a0cfa8b7aecb71c999ca73d62883bc25cc018c4e548", size = 44614, upload-time = "2025-08-25T13:49:24.86Z" },
]

[[package]]
name = "winnplib"
version = "0.1.4"
source = { registry = "https://pypi.org/simple" }
dependencies = [
    { name = "pillow" },
    { name = "winrt-windows-foundation" },
    { name = "winrt-windows-foundation-collections" },
    { name = "winrt-windows-media" },
    { name = "winrt-windows-media-control" },
    { name = "winrt-windows-storage" },
    { name = "winrt-windows-storage-streams" },
]
sdist = { url = "https://files.pythonhosted.org/packages/72/59/03d314f312885c286668d41896feadff24aefe297188de4637bc2247f1bf/winnplib-0.1.4.tar.gz", hash = "sha256:6b99eb9b5e57435ad52e1467d6d04f1c5a1a93ae561caad4138744da0bfaf399", size = 3258, upload-time = "2024-09-08T20:03:01.354Z" }
wheels = [
    { url = "https://files.pythonhosted.org/packages/45/74/7b2e15f2c24ef4ceed412d061fa29b28455ed7f4cb98d926d1177a68f1d0/winnplib-0.1.4-py3-none-any.whl", hash = "sha256:492930e7dccbc6a8ee707c271ba21437009c6581af6a56c1da87071a47b5342d", size = 3587, upload-time = "2024-09-08T20:03:00.078Z" },
]

[[package]]
name = "winrt-runtime"
version = "3.2.1"
source = { registry = "https://pypi.org/simple" }
dependencies = [
    { name = "typing-extensions" },
]
sdist = { url = "https://files.pythonhosted.org/packages/16/dd/acdd527c1d890c8f852cc2af644aa6c160974e66631289420aa871b05e65/winrt_runtime-3.2.1.tar.gz", hash = "sha256:c8dca19e12b234ae6c3dadf1a4d0761b51e708457492c13beb666556958801ea", size = 21721, upload-time = "2025-06-06T14:40:27.593Z" }
wheels = [
    { url = "https://files.pythonhosted.org/packages/79/d4/1a555d8bdcb8b920f8e896232c82901cc0cda6d3e4f92842199ae7dff70a/winrt_runtime-3.2.1-cp313-cp313-win32.whl", hash = "sha256:44e2733bc709b76c554aee6c7fe079443b8306b2e661e82eecfebe8b9d71e4d1", size = 210022, upload-time = "2025-06-06T06:44:11.767Z" },
    { url = "https://files.pythonhosted.org/packages/aa/24/2b6e536ca7745d788dfd17a2ec376fa03a8c7116dc638bb39b035635484f/winrt_runtime-3.2.1-cp313-cp313-win_amd64.whl", hash = "sha256:3c1fdcaeedeb2920dc3b9039db64089a6093cad2be56a3e64acc938849245a6d", size = 241349, upload-time = "2025-06-06T06:44:12.661Z" },
    { url = "https://files.pythonhosted.org/packages/d4/7f/6d72973279e2929b2a71ed94198ad4a5d63ee2936e91a11860bf7b431410/winrt_runtime-3.2.1-cp313-cp313-win_arm64.whl", hash = "sha256:28f3dab083412625ff4d2b46e81246932e6bebddf67bea7f05e01712f54e6159", size = 415126, upload-time = "2025-06-06T06:44:13.702Z" },
    { url = "https://files.pythonhosted.org/packages/c8/87/88bd98419a9da77a68e030593fee41702925a7ad8a8aec366945258cbb31/winrt_runtime-3.2.1-cp314-cp314-win32.whl", hash = "sha256:9b6298375468ac2f6815d0c008a059fc16508c8f587e824c7936ed9216480dad", size = 210257, upload-time = "2025-09-20T07:06:41.054Z" },
    { url = "https://files.pythonhosted.org/packages/87/85/e5c2a10d287edd9d3ee8dc24bf7d7f335636b92bf47119768b7dd2fd1669/winrt_runtime-3.2.1-cp314-cp314-win_amd64.whl", hash = "sha256:e36e587ab5fd681ee472cd9a5995743f75107a1a84d749c64f7e490bc86bc814", size = 241873, upload-time = "2025-09-20T07:06:42.059Z" },
    { url = "https://files.pythonhosted.org/packages/52/2a/eb9e78397132175f70dd51dfa4f93e489c17d6b313ae9dce60369b8d84a7/winrt_runtime-3.2.1-cp314-cp314-win_arm64.whl", hash = "sha256:35d6241a2ebd5598e4788e69768b8890ee1eee401a819865767a1fbdd3e9a650", size = 416222, upload-time = "2025-09-20T07:06:43.376Z" },
]

[[package]]
name = "winrt-windows-foundation"
version = "3.2.1"
source = { registry = "https://pypi.org/simple" }
dependencies = [
    { name = "winrt-runtime" },
]
sdist = { url = "https://files.pythonhosted.org/packages/0c/55/098ce7ea0679efcc1298b269c48768f010b6c68f90c588f654ec874c8a74/winrt_windows_foundation-3.2.1.tar.gz", hash = "sha256:ad2f1fcaa6c34672df45527d7c533731fdf65b67c4638c2b4aca949f6eec0656", size = 30485, upload-time = "2025-06-06T14:41:53.344Z" }
wheels = [
    { url = "https://files.pythonhosted.org/packages/7b/71/5e87131e4aecc8546c76b9e190bfe4e1292d028bda3f9dd03b005d19c76c/winrt_windows_foundation-3.2.1-cp313-cp313-win32.whl", hash = "sha256:3998dc58ed50ecbdbabace1cdef3a12920b725e32a5806d648ad3f4829d5ba46", size = 112184, upload-time = "2025-06-06T07:11:04.459Z" },
    { url = "https://files.pythonhosted.org/packages/ba/7f/8d5108461351d4f6017f550af8874e90c14007f9122fa2eab9f9e0e9b4e1/winrt_windows_foundation-3.2.1-cp313-cp313-win_amd64.whl", hash = "sha256:6e98617c1e46665c7a56ce3f5d28e252798416d1ebfee3201267a644a4e3c479", size = 118672, upload-time = "2025-06-06T07:11:05.55Z" },
    { url = "https://files.pythonhosted.org/packages/44/f5/2edf70922a3d03500dab17121b90d368979bd30016f6dbca0d043f0c71f1/winrt_windows_foundation-3.2.1-cp313-cp313-win_arm64.whl", hash = "sha256:2a8c1204db5c352f6a563130a5a41d25b887aff7897bb677d4ff0b660315aad4", size = 109673, upload-time = "2025-06-06T07:11:06.398Z" },
    { url = "https://files.pythonhosted.org/packages/e3/0a/d77346e39fe0c81f718cde49f83fe77c368c0e14c6418f72dfa1e7ef22d0/winrt_windows_foundation-3.2.1-cp314-cp314-win32.whl", hash = "sha256:35e973ab3c77c2a943e139302256c040e017fd6ff1a75911c102964603bba1da", size = 114590, upload-time = "2025-09-20T07:11:49.97Z" },
    { url = "https://files.pythonhosted.org/packages/a1/56/4d2b545bea0f34f68df6d4d4ca22950ff8a935497811dccdc0ca58737a05/winrt_windows_foundation-3.2.1-cp314-cp314-win_amd64.whl", hash = "sha256:a22a7ebcec0d262e60119cff728f32962a02df60471ded8b2735a655eccc0ef5", size = 122148, upload-time = "2025-09-20T07:11:50.826Z" },
    { url = "https://files.pythonhosted.org/packages/ed/ed/b9d3a11cac73444c0a3703200161cd7267dab5ab85fd00e1f965526e74a8/winrt_windows_foundation-3.2.1-cp314-cp314-win_arm64.whl", hash = "sha256:3be7fbae829b98a6a946db4fbaf356b11db1fbcbb5d4f37e7a73ac6b25de8b87", size = 114360, upload-time = "2025-09-20T07:11:51.626Z" },
]

[[package]]
name = "winrt-windows-foundation-collections"
version = "3.2.1"
source = { registry = "https://pypi.org/simple" }
dependencies = [
    { name = "winrt-runtime" },
]
sdist = { url = "https://files.pythonhosted.org/packages/ef/62/d21e3f1eeb8d47077887bbf0c3882c49277a84d8f98f7c12bda64d498a07/winrt_windows_foundation_collections-3.2.1.tar.gz", hash = "sha256:0eff1ad0d8d763ad17e9e7bbd0c26a62b27215016393c05b09b046d6503ae6d5", size = 16043, upload-time = "2025-06-06T14:41:53.983Z" }
wheels = [
    { url = "https://files.pythonhosted.org/packages/a6/cd/99ef050d80bea2922fa1ded93e5c250732634095d8bd3595dd808083e5ca/winrt_windows_foundation_collections-3.2.1-cp313-cp313-win32.whl", hash = "sha256:4267a711b63476d36d39227883aeb3fb19ac92b88a9fc9973e66fbce1fd4aed9", size = 60063, upload-time = "2025-06-06T07:11:18.65Z" },
    { url = "https://files.pythonhosted.org/packages/94/93/4f75fd6a4c96f1e9bee198c5dc9a9b57e87a9c38117e1b5e423401886353/winrt_windows_foundation_collections-3.2.1-cp313-cp313-win_amd64.whl", hash = "sha256:5e12a6e75036ee90484c33e204b85fb6785fcc9e7c8066ad65097301f48cdd10", size = 69057, upload-time = "2025-06-06T07:11:19.446Z" },
    { url = "https://files.pythonhosted.org/packages/40/76/de47ccc390017ec5575e7e7fd9f659ee3747c52049cdb2969b1b538ce947/winrt_windows_foundation_collections-3.2.1-cp313-cp313-win_arm64.whl", hash = "sha256:34b556255562f1b36d07fba933c2bcd9f0db167fa96727a6cbb4717b152ad7a2", size = 58792, upload-time = "2025-06-06T07:11:20.24Z" },
    { url = "https://files.pythonhosted.org/packages/e1/47/b3301d964422d4611c181348149a7c5956a2a76e6339de451a000d4ae8e7/winrt_windows_foundation_collections-3.2.1-cp314-cp314-win32.whl", hash = "sha256:33188ed2d63e844c8adfbb82d1d3d461d64aaf78d225ce9c5930421b413c45ab", size = 62211, upload-time = "2025-09-20T07:11:52.411Z" },
    { url = "https://files.pythonhosted.org/packages/20/59/5f2c940ff606297129e93ebd6030c813e6a43a786de7fc33ccb268e0b06b/winrt_windows_foundation_collections-3.2.1-cp314-cp314-win_amd64.whl", hash = "sha256:d4cfece7e9c0ead2941e55a1da82f20d2b9c8003bb7a8853bb7f999b539f80a4", size = 70399, upload-time = "2025-09-20T07:11:53.254Z" },
    { url = "https://files.pythonhosted.org/packages/f8/2d/2c8eb89062c71d4be73d618457ed68e7e2ba29a660ac26349d44fc121cbf/winrt_windows_foundation_collections-3.2.1-cp314-cp314-win_arm64.whl", hash = "sha256:3884146fea13727510458f6a14040b7632d5d90127028b9bfd503c6c655d0c01", size = 61392, upload-time = "2025-09-20T07:11:53.993Z" },
]

[[package]]
name = "winrt-windows-media"
version = "3.2.1"
source = { registry = "https://pypi.org/simple" }
dependencies = [
    { name = "winrt-runtime" },
]
sdist = { url = "https://files.pythonhosted.org/packages/3a/ef/8d1c260ec951fe6ce0bafdcf24d490dffe1e05f4f2148cfc1c81dd78e3f5/winrt_windows_media-3.2.1.tar.gz", hash = "sha256:f833e1ef45c0ffbe60cb6a7d60af8cb925385fc600f86069d1eb9d784fd77f8b", size = 28856, upload-time = "2025-06-06T14:42:22.6Z" }
wheels = [
    { url = "https://files.pythonhosted.org/packages/b4/bb/4f2d0bffd56b3f8826e8c22bb66b4529d6e42d24d6c57d91f7dbe61b072d/winrt_windows_media-3.2.1-cp313-cp313-win32.whl", hash = "sha256:6f0438bcfcd66f6a07710e8ff49f60e5ce238fb2a1d90663b17a272de18a4a80", size = 130723, upload-time = "2025-06-06T07:20:45.046Z" },
    { url = "https://files.pythonhosted.org/packages/d6/95/735358415dd1c9dc9a17adfb59989c3c837a662606103e07468ad58a6f15/winrt_windows_media-3.2.1-cp313-cp313-win_amd64.whl", hash = "sha256:3903ecde3c46abfe1f0572f7a95d205550dea19f7f229186cb89eb309ba26d45", size = 144964, upload-time = "2025-06-06T07:20:46.164Z" },
    { url = "https://files.pythonhosted.org/packages/13/23/c81a5cc82cf81b2a09750481792712560d9a2597acaefb96a98ea8344bf9/winrt_windows_media-3.2.1-cp313-cp313-win_arm64.whl", hash = "sha256:6f8a9aeacd0b1d992fb96392458182a9e593728009a9c0d31e3c71e3e6593481", size = 132598, upload-time = "2025-06-06T07:20:47.415Z" },
    { url = "https://files.pythonhosted.org/packages/cf/e8/9ddd70875a1364f469591cba0f16163d198bf123dd899b1b1216322f27da/winrt_windows_media-3.2.1-cp314-cp314-win32.whl", hash = "sha256:a55ed7e3845e4ccd47cc1024ba091de7798f179d1167f3773c2a72c6db51331b", size = 134700, upload-time = "2025-09-20T07:13:40.785Z" },
    { url = "https://files.pythonhosted.org/packages/87/97/b5336b596c198d00e0c2ba0c8748768687e160c5b0e1ba7676265642cbba/winrt_windows_media-3.2.1-cp314-cp314-win_amd64.whl", hash = "sha256:9f6964429d4869f1606d2f836ed99e4a8bed8a1af8a94236af902acd34ea292b", size = 148863, upload-time = "2025-09-20T07:13:41.61Z" },
    { url = "https://files.pythonhosted.org/packages/4d/37/ecd1b4a8db7b69f6f34ad06a172ac80104ef1661639faff90d2c30a49ed2/winrt_windows_media-3.2.1-cp314-cp314-win_arm64.whl", hash = "sha256:2e0374dbf08304324cf75c55206b7904b63b806b681f3ca9e9105d05e8cd7a57", size = 139562, upload-time = "2025-09-20T07:13:42.395Z" },
]

[[package]]
name = "winrt-windows-media-control"
version = "3.2.1"
source = { registry = "https://pypi.org/simple" }
dependencies = [
    { name = "winrt-runtime" },
]
sdist = { url = "https://files.pythonhosted.org/packages/64/fa/a62696c2a22fc7ff11118bec919a2d7378130b5f7d466526d4dd70538ac6/winrt_windows_media_control-3.2.1.tar.gz", hash = "sha256:876b2f2aedda8fd3de4ef3235eb9431338530f66d42c457b42ab9fdcdaa11c66", size = 12150, upload-time = "2025-06-06T14:42:29.571Z" }
wheels = [
    { url = "https://files.pythonhosted.org/packages/4f/d0/b9e980e123b3afd6b059ba8380f53fc8ee69c6aa02eff21d0b2e15d79145/winrt_windows_media_control-3.2.1-cp313-cp313-win32.whl", hash = "sha256:6fef19bed06255fefcfefbbcd1d09d029dca1a57dc8148615ab7f0df1d921931", size = 61318, upload-time = "2025-06-06T07:23:00.369Z" },
    { url = "https://files.pythonhosted.org/packages/8c/b2/7bfff1d9f1de821495ee4632386421eb44e65d584fcbcd5d74238c21e79c/winrt_windows_media_control-3.2.1-cp313-cp313-win_amd64.whl", hash = "sha256:a586af02d1684fda70cdc3fef8fd74c6db50522454077bad7317295d1a87b82d", size = 63956, upload-time = "2025-06-06T07:23:01.155Z" },
    { url = "https://files.pythonhosted.org/packages/19/aa/f3c2a77472f8d918a7a84a67dd84c722e7c171bf598a824cd78f0cd33881/winrt_windows_media_control-3.2.1-cp313-cp313-win_arm64.whl", hash = "sha256:285ec765a0efec5ca4832c006618ab406dbbdeb5eb59d0aaba637cc615e70e67", size = 59638, upload-time = "2025-06-06T07:23:01.971Z" },
    { url = "https://files.pythonhosted.org/packages/3a/09/f64ede86d252bc12de7d2834379fab041c1b123ba901803642a0fe919822/winrt_windows_media_control-3.2.1-cp314-cp314-win32.whl", hash = "sha256:30a39010291134d83883dbdd3c4d4261c0525d62e95598214ea583944b71a52d", size = 63587, upload-time = "2025-09-20T07:14:07.967Z" },
    { url = "https://files.pythonhosted.org/packages/bb/0b/8f8155e3d5d9f318a6e1b15d42577c7bfb81bc7f3c67fa954f93ed98705c/winrt_windows_media_control-3.2.1-cp314-cp314-win_amd64.whl", hash = "sha256:95db34dfbd90c75a437a4a7aa5ab0a9deb3d9c64221cb920be9641b64b3c95a3", size = 65937, upload-time = "2025-09-20T07:14:08.754Z" },
    { url = "https://files.pythonhosted.org/packages/6e/91/57ae291b8fb68f79723357a8f57ac592d04316234cda4caedee1faaea33a/winrt_windows_media_control-3.2.1-cp314-cp314-win_arm64.whl", hash = "sha256:5be9874ccf4c98d82b11211239312014f67633546cd8f7f215015ff3596127c6", size = 62301, upload-time = "2025-09-20T07:14:09.507Z" },
]

[[package]]
name = "winrt-windows-storage"
version = "3.2.1"
source = { registry = "https://pypi.org/simple" }
dependencies = [
    { name = "winrt-runtime" },
]
sdist = { url = "https://files.pythonhosted.org/packages/cc/a6/430d4881d214647e2e6c95bb2894bb9202c98bff5f82eca6ba5b5e5d09a1/winrt_windows_storage-3.2.1.tar.gz", hash = "sha256:c7d1c2326fd842babbf98d944d4991b7592ee8433c762af0a8b47696437fae0b", size = 48309, upload-time = "2025-06-06T14:43:17.793Z" }
wheels = [
    { url = "https://files.pythonhosted.org/packages/66/8d/74ebfa9ee9e06350f850e3305c2d902910dbf8412436513cfb8e6e50f6ef/winrt_windows_storage-3.2.1-cp313-cp313-win32.whl", hash = "sha256:fc0567ff2303bcf7d471dba178a997bfdab57371e8282e90a40cc522d7fb4421", size = 239308, upload-time = "2025-06-06T13:59:59.361Z" },
    { url = "https://files.pythonhosted.org/packages/a2/96/47f63309001b480a8818eb5f26bbab571cdcb463531619f39b5004149610/winrt_windows_storage-3.2.1-cp313-cp313-win_amd64.whl", hash = "sha256:7a57e022bc8e7096a12f2b530ab544a71ede704a01cdfde75009ed40897b696e", size = 264719, upload-time = "2025-06-06T14:00:00.263Z" },
    { url = "https://files.pythonhosted.org/packages/b8/94/b4c5760fa183460c27144d3e05a5a793b181d182bec75573749d95268644/winrt_windows_storage-3.2.1-cp313-cp313-win_arm64.whl", hash = "sha256:7827a46098e0b0c97fdb085c1ebb4de0b130f36402723d9f539a1c1fb399c8e7", size = 261652, upload-time = "2025-06-06T14:00:01.297Z" },
    { url = "https://files.pythonhosted.org/packages/1c/2e/7dfe8b9c740e6f20503e14d6f6c84d9174b0fb22c3e83d82071dd3d638e2/winrt_windows_storage-3.2.1-cp314-cp314-win32.whl", hash = "sha256:b7d5739001d435c914da3354e2c173d3f3bc48b344ebf294308685db82240376", size = 244742, upload-time = "2025-09-20T07:16:52.661Z" },
    { url = "https://files.pythonhosted.org/packages/36/0a/6e3474176fc2aa7a671000af8b7d2a10dc390cbd871f250e352dbefa79c4/winrt_windows_storage-3.2.1-cp314-cp314-win_amd64.whl", hash = "sha256:f4f1fff7846f934f53b4cdc7089faa6d21ced9bc993215e95c4fcc716da851e7", size = 272760, upload-time = "2025-09-20T07:16:53.61Z" },
    { url = "https://files.pythonhosted.org/packages/20/bb/02a0c692be2ea6d5bd4db1b3559e3eea96dae774826cc2bec6085f272bdb/winrt_windows_storage-3.2.1-cp314-cp314-win_arm64.whl", hash = "sha256:78d6191e1daabd4b6aff31b84cc890e5483f4e168bceb0ef6d099ec32af9b835", size = 275463, upload-time = "2025-09-20T07:16:54.597Z" },
]

[[package]]
name = "winrt-windows-storage-streams"
version = "3.2.1"
source = { registry = "https://pypi.org/simple" }
dependencies = [
    { name = "winrt-runtime" },
]
sdist = { url = "https://files.pythonhosted.org/packages/00/50/f4488b07281566e3850fcae1021f0285c9653992f60a915e15567047db63/winrt_windows_storage_streams-3.2.1.tar.gz", hash = "sha256:476f522722751eb0b571bc7802d85a82a3cae8b1cce66061e6e758f525e7b80f", size = 34335, upload-time = "2025-06-06T14:43:23.905Z" }
wheels = [
    { url = "https://files.pythonhosted.org/packages/d9/d2/24d9f59bdc05e741261d5bec3bcea9a848d57714126a263df840e2b515a8/winrt_windows_storage_streams-3.2.1-cp313-cp313-win32.whl", hash = "sha256:401bb44371720dc43bd1e78662615a2124372e7d5d9d65dfa8f77877bbcb8163", size = 127774, upload-time = "2025-06-06T14:02:04.752Z" },
    { url = "https://files.pythonhosted.org/packages/15/59/601724453b885265c7779d5f8025b043a68447cbc64ceb9149d674d5b724/winrt_windows_storage_streams-3.2.1-cp313-cp313-win_amd64.whl", hash = "sha256:202c5875606398b8bfaa2a290831458bb55f2196a39c1d4e5fa88a03d65ef915", size = 131827, upload-time = "2025-06-06T14:02:05.601Z" },
    { url = "https://files.pythonhosted.org/packages/fb/c2/a419675a6087c9ea496968c9b7805ef234afa585b7483e2269608a12b044/winrt_windows_storage_streams-3.2.1-cp313-cp313-win_arm64.whl", hash = "sha256:ca3c5ec0aab60895006bf61053a1aca6418bc7f9a27a34791ba3443b789d230d", size = 128180, upload-time = "2025-06-06T14:02:06.759Z" },
    { url = "https://files.pythonhosted.org/packages/55/70/2869ea2112c565caace73c9301afd1d7afcc49bdd37fac058f0178ba95d4/winrt_windows_storage_streams-3.2.1-cp314-cp314-win32.whl", hash = "sha256:5cd0dbad86fcc860366f6515fce97177b7eaa7069da261057be4813819ba37ee", size = 131701, upload-time = "2025-09-20T07:17:16.849Z" },
    { url = "https://files.pythonhosted.org/packages/f4/3d/aae50b1d0e37b5a61055759aedd42c6c99d7c17ab8c3e568ab33c0288938/winrt_windows_storage_streams-3.2.1-cp314-cp314-win_amd64.whl", hash = "sha256:3c5bf41d725369b9986e6d64bad7079372b95c329897d684f955d7028c7f27a0", size = 135566, upload-time = "2025-09-20T07:17:17.69Z" },
    { url = "https://files.pythonhosted.org/packages/bb/c3/6d3ce7a58e6c828e0795c9db8790d0593dd7fdf296e513c999150deb98d4/winrt_windows_storage_streams-3.2.1-cp314-cp314-win_arm64.whl", hash = "sha256:293e09825559d0929bbe5de01e1e115f7a6283d8996ab55652e5af365f032987", size = 134393, upload-time = "2025-09-20T07:17:18.802Z" },
]

[[package]]
name = "winsdk"
version = "1.0.0b10"
source = { registry = "https://pypi.org/simple" }
sdist = { url = "https://files.pythonhosted.org/packages/f5/01/005772332e79947013aa33c7cb20431e3efd6ac46eb54aed3472c14afe50/winsdk-1.0.0b10.tar.gz", hash = "sha256:8f39ea759626797449371f857c9085b84bb9f3b6d493dc6525e2cedcb3d15ea2", size = 7061492, upload-time = "2023-08-11T19:47:58.008Z" }

[[package]]
name = "yt-dlp"
version = "2025.12.8"
source = { registry = "https://pypi.org/simple" }
sdist = { url = "https://files.pythonhosted.org/packages/14/77/db924ebbd99d0b2b571c184cb08ed232cf4906c6f9b76eed763cd2c84170/yt_dlp-2025.12.8.tar.gz", hash = "sha256:b773c81bb6b71cb2c111cfb859f453c7a71cf2ef44eff234ff155877184c3e4f", size = 3088947, upload-time = "2025-12-08T00:16:01.649Z" }
wheels = [
    { url = "https://files.pythonhosted.org/packages/6e/2f/98c3596ad923f8efd32c90dca62e241e8ad9efcebf20831173c357042ba0/yt_dlp-2025.12.8-py3-none-any.whl", hash = "sha256:36e2584342e409cfbfa0b5e61448a1c5189e345cf4564294456ee509e7d3e065", size = 3291464, upload-time = "2025-12-08T00:15:58.556Z" },
]
